
Microsoft Visual Studio Solution File, Format Version 12.00
# Visual Studio 15
VisualStudioVersion = 15.0.27130.2026
MinimumVisualStudioVersion = 10.0.40219.1
Project("{FAE04EC0-301F-11D3-BF4B-00C04F79EFBC}") = "TaxesCollector", "TaxesCollector\TaxesCollector.csproj", "{D53198D4-3843-4622-AD33-6EBBBBDF3408}"
EndProject
Project("{FAE04EC0-301F-11D3-BF4B-00C04F79EFBC}") = "ChangeCalculator", "ChangeCalculator\ChangeCalculator.csproj", "{2742EA78-E701-4AA8-A0DD-750AA28F3CAC}"
EndProject
Global
	GlobalSection(SolutionConfigurationPlatforms) = preSolution
		Debug|Any CPU = Debug|Any CPU
		Release|Any CPU = Release|Any CPU
	EndGlobalSection
	GlobalSection(ProjectConfigurationPlatforms) = postSolution
		{D53198D4-3843-4622-AD33-6EBBBBDF3408}.Debug|Any CPU.ActiveCfg = Debug|Any CPU
		{D53198D4-3843-4622-AD33-6EBBBBDF3408}.Debug|Any CPU.Build.0 = Debug|Any CPU
		{D53198D4-3843-4622-AD33-6EBBBBDF3408}.Release|Any CPU.ActiveCfg = Release|Any CPU
		{D53198D4-3843-4622-AD33-6EBBBBDF3408}.Release|Any CPU.Build.0 = Release|Any CPU
		{2742EA78-E701-4AA8-A0DD-750AA28F3CAC}.Debug|Any CPU.ActiveCfg = Debug|Any CPU
		{2742EA78-E701-4AA8-A0DD-750AA28F3CAC}.Debug|Any CPU.Build.0 = Debug|Any CPU
		{2742EA78-E701-4AA8-A0DD-750AA28F3CAC}.Release|Any CPU.ActiveCfg = Release|Any CPU
		{2742EA78-E701-4AA8-A0DD-750AA28F3CAC}.Release|Any CPU.Build.0 = Release|Any CPU
	EndGlobalSection
	GlobalSection(SolutionProperties) = preSolution
		HideSolutionNode = FALSE
	EndGlobalSection
	GlobalSection(ExtensibilityGlobals) = postSolution
		SolutionGuid = {E67EE7A1-B1C9-4A63-916B-EFF81714ADD0}
	EndGlobalSection
EndGlobal
